cloud.google.com/go v0.26.0/go.mod h1:aQUYkXzVsufM+DwF1aE+0xfcU+56JwCaLick0ClmMTw=
git.schwanenlied.me/yawning/bsaes.git v0.0.0-20180720073208-c0276d75487e h1:F2x1bq7RaNCIuqYpswggh1+c1JmwdnkHNC9wy1KDip0=
git.schwanenlied.me/yawning/bsaes.git v0.0.0-20180720073208-c0276d75487e/go.mod h1:BWqTsj8PgcPriQJGl7el20J/7TuT1d/hSyFDXMEpoEo=
github.com/NebulousLabs/fastrand v0.0.0-20180208210444-3cf7173006a0 h1:g/ETZwHx5wN2fqKWS3gCUrEU7dLko+DvVs3hakQCfyE=
github.com/NebulousLabs/fastrand v0.0.0-20180208210444-3cf7173006a0/go.mod h1:Bdzq+51GR4/0DIhaICZEOm+OHvXGwwB2trKZ8B4Y6eQ=
github.com/NebulousLabs/go-upnp v0.0.0-20180202185039-29b680b06c82 h1:MG93+PZYs9PyEsj/n5/haQu2gK0h4tUtSy9ejtMwWa0=
github.com/NebulousLabs/go-upnp v0.0.0-20180202185039-29b680b06c82/go.mod h1:GbuBk21JqF+driLX3XtJYNZjGa45YDoa9IqCTzNSfEc=
github.com/Yawning/aez v0.0.0-20180114000226-4dad034d9db2 h1:2be4ykKKov3M1yISM2E8gnGXZ/N2SsPawfnGiXxaYEU=
github.com/Yawning/aez v0.0.0-20180114000226-4dad034d9db2/go.mod h1:9pIqrY6SXNL8vjRQE5Hd/OL5GyK/9MrGUWs87z/eFfk=
github.com/aead/chacha20 v0.0.0-20180709150244-8b13a72661da h1:KjTM2ks9d14ZYCvmHS9iAKVt9AyzRSqNU1qabPih5BY=
github.com/aead/chacha20 v0.0.0-20180709150244-8b13a72661da/go.mod h1:eHEWzANqSiWQsof+nXEI9bUVUyV6F53Fp89EuCh2EAA=
github.com/aead/siphash v0.0.0-20170329201724-e404fcfc8885 h1:bBmEG9/q1xH07CqeeFw1ejup6Kw+/88WhhLHqIJ0ngQ=
github.com/aead/siphash v0.0.0-20170329201724-e404fcfc8885/go.mod h1:Nywa3cDsYNNK3gaciGTWPwHt0wlpNV15vwmswBAUSII=
github.com/aead/siphash v1.0.1 h1:FwHfE/T45KPKYuuSAKyyvE+oPWcaQ+CUmFW0bPlM+kg=
github.com/aead/siphash v1.0.1/go.mod h1:Nywa3cDsYNNK3gaciGTWPwHt0wlpNV15vwmswBAUSII=
github.com/awalterschulze/gographviz v0.0.0-20160912181450-761fd5fbb34e h1:24jix3mqu421BBMWbVBOl5pDw0f9ncazW10kaMywzHQ=
github.com/awalterschulze/gographviz v0.0.0-20160912181450-761fd5fbb34e/go.mod h1:GEV5wmg4YquNw7v1kkyoX9etIk8yVmXj+AkDHuuETHs=
github.com/breez/btcd v0.0.0-20181020175716-b6894c46eccd h1:06Qjd2zlJmGB5a0iv6nOaX7wPuVaZfzhBj1d/IUg0KE=
github.com/breez/btcd v0.0.0-20181020175716-b6894c46eccd/go.mod h1:sIybN7Ago86gMPwn0ehML0Fa5br5InqD2P4b+C/Ofog=
github.com/breez/btcd v0.0.0-20181025150601-acccfea9669b h1:+CeOqbDAEFAnCQpKm4Hmq4jgjkL1ylMa6UX99Jbvi/I=
github.com/breez/btcd v0.0.0-20181025150601-acccfea9669b/go.mod h1:sIybN7Ago86gMPwn0ehML0Fa5br5InqD2P4b+C/Ofog=
github.com/breez/btcwallet v0.0.0-20181025062152-a1da5037baf7 h1:ulOCEZzIl7jShnU8cMBpg94wc17dCyI6oH39CU61SAg=
github.com/breez/btcwallet v0.0.0-20181025062152-a1da5037baf7/go.mod h1:Sxi9czQ0paWQSTFAa8jz0DYr+nvMM65bhaNZmZiD3O8=
github.com/breez/btcwallet v0.0.0-20181108095430-ecd7fb361e83 h1:Bto0tW/zFg0rKx4A6KRAnSkp8A4M2nGVF7aSli2GFdc=
github.com/breez/btcwallet v0.0.0-20181108095430-ecd7fb361e83/go.mod h1:Sxi9czQ0paWQSTFAa8jz0DYr+nvMM65bhaNZmZiD3O8=
github.com/breez/btcwallet v0.0.0-20181116143700-0824eb7ec53b h1:W5m0o/XpfbPxsPAKDaKoBMRpxFMd5o5iw0pDm/+u2wM=
github.com/breez/btcwallet v0.0.0-20181116143700-0824eb7ec53b/go.mod h1:Sxi9czQ0paWQSTFAa8jz0DYr+nvMM65bhaNZmZiD3O8=
github.com/breez/btcwallet v0.0.0-20181121053730-b0e44c9563a8 h1:P23e+ekRAScQ2Ybz4YABCLcCRv6RBCQf6u9HlgzjR2U=
github.com/breez/btcwallet v0.0.0-20181121053730-b0e44c9563a8/go.mod h1:Sxi9czQ0paWQSTFAa8jz0DYr+nvMM65bhaNZmZiD3O8=
github.com/breez/btcwallet v0.0.0-20181125103145-3f13c2a3e5b4 h1:/HnPgWtHVFERDECpzBPJRnhnpyx+z0a8Or7eZb0IEN0=
github.com/breez/btcwallet v0.0.0-20181125103145-3f13c2a3e5b4/go.mod h1:Sxi9czQ0paWQSTFAa8jz0DYr+nvMM65bhaNZmZiD3O8=
github.com/breez/btcwallet v0.0.0-20181125122430-d942b679e4d4 h1:QGx0mD6j+HIXj02XCHk5GyoSA5pe8E8mfBj16V0e6RQ=
github.com/breez/btcwallet v0.0.0-20181125122430-d942b679e4d4/go.mod h1:Sxi9czQ0paWQSTFAa8jz0DYr+nvMM65bhaNZmZiD3O8=
github.com/breez/btcwallet v0.0.0-20190117144944-8424bb4ef4a9 h1:ltoxCMJqDxxEKlVcMNngLRCHHe4NwN+E0AIGLBTHt9Y=
github.com/breez/btcwallet v0.0.0-20190117144944-8424bb4ef4a9/go.mod h1:Sxi9czQ0paWQSTFAa8jz0DYr+nvMM65bhaNZmZiD3O8=
github.com/breez/lightninglib v0.0.0-20180905191613-d3b0fbc7f528 h1:aQnVfQYpZNVymnDiRbGE5rwlPIyWEBGq0bkfqpSWMjU=
github.com/breez/lightninglib v0.0.0-20180905191613-d3b0fbc7f528/go.mod h1:V3+W74Ra09P8QXHyGjdtj5tdjGyI7A6ymolBIDIkcH8=
github.com/breez/lightninglib v0.0.0-20180914104818-04fdcb693b99 h1:/Ub34t0EQzHek4/Gl7AXue2RwC1S3N5fIYfNkqaRg3c=
github.com/breez/lightninglib v0.0.0-20180914104818-04fdcb693b99/go.mod h1:5A0NNVP7ZsSSgr6BJMcA2PSOOALSeUllsuv2gzWuIU4=
github.com/breez/lightninglib v0.0.0-20180923062707-e89017c2d6e8 h1:l+WEsXoEJUm1EoVV3RAcJob1LrgR4zy9IFGv0Z5dwjw=
github.com/breez/lightninglib v0.0.0-20180923062707-e89017c2d6e8/go.mod h1:5A0NNVP7ZsSSgr6BJMcA2PSOOALSeUllsuv2gzWuIU4=
github.com/breez/lightninglib v0.0.0-20180927121151-82b8e08b69ee h1:fbZIvAQc9oLi2Vb+6f12W0rTovLk4FyMUdWE5/a74cM=
github.com/breez/lightninglib v0.0.0-20180927121151-82b8e08b69ee/go.mod h1:5A0NNVP7ZsSSgr6BJMcA2PSOOALSeUllsuv2gzWuIU4=
github.com/breez/lightninglib v0.0.0-20180929220832-f1c03c1c7153 h1:1yqJqtSR35gynKQm4LGzyNgR2UVn2kLiLOZrj1bj26Y=
github.com/breez/lightninglib v0.0.0-20180929220832-f1c03c1c7153/go.mod h1:5A0NNVP7ZsSSgr6BJMcA2PSOOALSeUllsuv2gzWuIU4=
github.com/breez/lightninglib v0.0.0-20181023045648-fdbc7275e499 h1:MeswurH3BJcWePrnGkRZM8ZF7i90Tp44LRJVekdM6SQ=
github.com/breez/lightninglib v0.0.0-20181023045648-fdbc7275e499/go.mod h1:vgz51a1uEqGm1RxBCM7XonHGwZdaQpV7ePcsouUv67w=
github.com/breez/lightninglib v0.0.0-20181023064839-216a0e497324 h1:N4bUyMjtRDep9SMEOBzmMCdu8jl8SpxuRG1DldavDJw=
github.com/breez/lightninglib v0.0.0-20181023064839-216a0e497324/go.mod h1:vgz51a1uEqGm1RxBCM7XonHGwZdaQpV7ePcsouUv67w=
github.com/breez/lightninglib v0.0.0-20181023182340-44cc52de5533 h1:zim7E3SBtdCxIJRcBqDsrjAPcPbx4BoeyGBygBqduss=
github.com/breez/lightninglib v0.0.0-20181023182340-44cc52de5533/go.mod h1:vgz51a1uEqGm1RxBCM7XonHGwZdaQpV7ePcsouUv67w=
github.com/breez/lightninglib v0.0.0-20181025095723-58f645524de3 h1:rfZIqjqMAU9FFD8YqGzGhlxqs7vftSlrtsEiO8VPBUQ=
github.com/breez/lightninglib v0.0.0-20181025095723-58f645524de3/go.mod h1:vgz51a1uEqGm1RxBCM7XonHGwZdaQpV7ePcsouUv67w=
github.com/breez/lightninglib v0.0.0-20181030125758-c72e5fea88bd h1:2HX761NztxOP2OsVy8Jx5D/H3ghdFH/LvWG5Hnu4r6o=
github.com/breez/lightninglib v0.0.0-20181030125758-c72e5fea88bd/go.mod h1:FTcU2QgRxFcRZ6P/Gi0U2BwJVGdqdxR+wDoJsQ+Y70s=
github.com/breez/lightninglib v0.0.0-20181105101218-250c92936df2 h1:Yga2SGrio8jCLH5d47MPu98cAoyKrpm6IycXD3NC+4Y=
github.com/breez/lightninglib v0.0.0-20181105101218-250c92936df2/go.mod h1:lyHEDNScy4AmW3lDEIrk1hpeu6/KJme47voQx1TgL20=
github.com/breez/lightninglib v0.0.0-20181105173014-a5eb7cf58639 h1:iL2dxK1Ipf08T0WDvEp0uZz6Tn/LRMugW+Zke2cM++Y=
github.com/breez/lightninglib v0.0.0-20181105173014-a5eb7cf58639/go.mod h1:lyHEDNScy4AmW3lDEIrk1hpeu6/KJme47voQx1TgL20=
github.com/breez/lightninglib v0.0.0-20181106130016-131b881c7f6b h1:OJgWR38w6d8VGpyQ0fTe4f98MyXpgaCeCu5Sa97mQAc=
github.com/breez/lightninglib v0.0.0-20181106130016-131b881c7f6b/go.mod h1:lyHEDNScy4AmW3lDEIrk1hpeu6/KJme47voQx1TgL20=
github.com/breez/lightninglib v0.0.0-20181108100350-ea01484b0b24 h1:MJokRK+lym+MMwRYmaqcDwW0TGxYsBu9kl3rhYrtu8c=
github.com/breez/lightninglib v0.0.0-20181108100350-ea01484b0b24/go.mod h1:IXsnnTrV593HoAfVHcsf1FH0qQwah/Bl67VDe27iYds=
github.com/breez/lightninglib v0.0.0-20181117165556-f5e36c2a74f7 h1:nBUHd1UiNsi8VB6qaNDIEO8M8MFLVf+NbOjdyGGByFQ=
github.com/breez/lightninglib v0.0.0-20181117165556-f5e36c2a74f7/go.mod h1:ae5uUs9lsCviEMKV4wqK7dTrqukljJaraIQ/xam87UQ=
github.com/breez/lightninglib v0.0.0-20181120132128-5a6d8038de5d h1:VxLtmCa34oSCqBGeINw8BEHheiRi/3a/JpSlv40GAc0=
github.com/breez/lightninglib v0.0.0-20181120132128-5a6d8038de5d/go.mod h1:V0xmJWQaQmPVgdliuvt1Lpk9HA5M9ZOl5JMLvXPkJzs=
github.com/breez/lightninglib v0.0.0-20181121054244-c6534caefdcd h1:6u8kuAfxIra7ga2Jkh+KDTD6ZhowzgMatMXarel42Rc=
github.com/breez/lightninglib v0.0.0-20181121054244-c6534caefdcd/go.mod h1:RP0d9nKTkxYka//vNx4Tb2T7KIsndqCpQIepJmLGZbs=
github.com/breez/lightninglib v0.0.0-20181121084528-268563fa6b69 h1:Z4/22sUzhROqOpaiD8P7wY9VRv0GkBeN20JDA3xypbU=
github.com/breez/lightninglib v0.0.0-20181121084528-268563fa6b69/go.mod h1:RP0d9nKTkxYka//vNx4Tb2T7KIsndqCpQIepJmLGZbs=
github.com/breez/lightninglib v0.0.0-20181125055319-70ee327879c2 h1:4UfUbJHUV21r35kWbgjCxJIm1fwEzQgmzKrOtFW6nH8=
github.com/breez/lightninglib v0.0.0-20181125055319-70ee327879c2/go.mod h1:RP0d9nKTkxYka//vNx4Tb2T7KIsndqCpQIepJmLGZbs=
github.com/breez/lightninglib v0.0.0-20181125132000-2877647f9c5b h1:I/F9dtvXUostxaBsMXlwByYmBfbeGd79Ax9pm9J4YIc=
github.com/breez/lightninglib v0.0.0-20181125132000-2877647f9c5b/go.mod h1:ohqrtfneBBAABYc/EDioLRoUR8LZ1+VKBYYIWL+79V0=
github.com/breez/lightninglib v0.0.0-20181127060256-a67730b6ac98 h1:I6ZhUKX4grQnll70758yiPpYp14w8LA+eCc+y9ydkYU=
github.com/breez/lightninglib v0.0.0-20181127060256-a67730b6ac98/go.mod h1:ohqrtfneBBAABYc/EDioLRoUR8LZ1+VKBYYIWL+79V0=
github.com/breez/lightninglib v0.0.0-20181218072844-ccca21aeb5a8 h1:s3MWoeTv5i8cNESCqWYZSJsP4q7W9YeAcgDb0Due5V8=
github.com/breez/lightninglib v0.0.0-20181218072844-ccca21aeb5a8/go.mod h1:ohqrtfneBBAABYc/EDioLRoUR8LZ1+VKBYYIWL+79V0=
github.com/breez/lightninglib v0.0.0-20181227145712-64cf257a58c0 h1:+0fRl2kkGPzNUtr/oPfPPrQwOKFsjmIDH7MfbB54tqI=
github.com/breez/lightninglib v0.0.0-20181227145712-64cf257a58c0/go.mod h1:ohqrtfneBBAABYc/EDioLRoUR8LZ1+VKBYYIWL+79V0=
github.com/breez/lightninglib v0.0.0-20181230060345-e68b624be49c h1:oswWqw5BRtfX5SIJTbnw9xmkDdZMZFzM1T2U9CEzyQQ=
github.com/breez/lightninglib v0.0.0-20181230060345-e68b624be49c/go.mod h1:ohqrtfneBBAABYc/EDioLRoUR8LZ1+VKBYYIWL+79V0=
github.com/breez/lightninglib v0.0.0-20190104154320-c0fe578ef0b0 h1:C7rUiCPdV9l40ejGNsy7WV21TkUJCPEqHIleIjLUW5c=
github.com/breez/lightninglib v0.0.0-20190104154320-c0fe578ef0b0/go.mod h1:ohqrtfneBBAABYc/EDioLRoUR8LZ1+VKBYYIWL+79V0=
github.com/breez/lightninglib v0.0.0-20190114150432-c1072243e098 h1:/3kno+nBwRFoeZ/+Y7bdaZInm/QE3qJCBytdUXA165Y=
github.com/breez/lightninglib v0.0.0-20190114150432-c1072243e098/go.mod h1:ohqrtfneBBAABYc/EDioLRoUR8LZ1+VKBYYIWL+79V0=
github.com/breez/lightninglib v0.0.0-20190116133624-ed102f695af7 h1:MjhgeAoBOdnnGRB7vZQHRvkujHln+ZttFUCnK0O3bX8=
github.com/breez/lightninglib v0.0.0-20190116133624-ed102f695af7/go.mod h1:ohqrtfneBBAABYc/EDioLRoUR8LZ1+VKBYYIWL+79V0=
github.com/breez/lightninglib v0.0.0-20190117085405-43370aa9f3c4 h1:/NxdGr//BPYJ3cmMGTmwFPJkCZgV34bDS6R7OQhG03k=
github.com/breez/lightninglib v0.0.0-20190117085405-43370aa9f3c4/go.mod h1:ohqrtfneBBAABYc/EDioLRoUR8LZ1+VKBYYIWL+79V0=
github.com/breez/lightninglib v0.0.0-20190120131744-899d00e753e1 h1:4/b4qlB7/si9uVkdSuBjpn0xF5Uy1z1/262Mefh87I0=
github.com/breez/lightninglib v0.0.0-20190120131744-899d00e753e1/go.mod h1:ohqrtfneBBAABYc/EDioLRoUR8LZ1+VKBYYIWL+79V0=
github.com/breez/lightninglib v0.0.0-20190121133348-f6f17f8b366c h1:LOKTbP8RQqTsqJd1PJltq9aRv2fG/4wbkFQ0XzRRF5Q=
github.com/breez/lightninglib v0.0.0-20190121133348-f6f17f8b366c/go.mod h1:ohqrtfneBBAABYc/EDioLRoUR8LZ1+VKBYYIWL+79V0=
github.com/breez/lightninglib v0.0.0-20190122105825-e1cb01b3038c h1:ekgq5FeabR6UcownIeWw69wmnj3MtSCc9bgWRYU1bS0=
github.com/breez/lightninglib v0.0.0-20190122105825-e1cb01b3038c/go.mod h1:ohqrtfneBBAABYc/EDioLRoUR8LZ1+VKBYYIWL+79V0=
github.com/breez/lightninglib v0.0.0-20190122151728-55809de14fc5 h1:mPcWyyqb3jdbQVOrXg/UnCprBklDZplmCCyaPxbVViw=
github.com/breez/lightninglib v0.0.0-20190122151728-55809de14fc5/go.mod h1:ohqrtfneBBAABYc/EDioLRoUR8LZ1+VKBYYIWL+79V0=
github.com/breez/lightninglib v0.0.0-20190205172856-1d82bf1055ac h1:nFi/4gbaCCu6+H0HqOobkxf6DsjBC6G+r2NzRrPI+mw=
github.com/breez/lightninglib v0.0.0-20190205172856-1d82bf1055ac/go.mod h1:ohqrtfneBBAABYc/EDioLRoUR8LZ1+VKBYYIWL+79V0=
github.com/breez/lightninglib v0.0.0-20190210192423-ee9d9726708b h1:vBJs09FUDt43vx6KE+qbpwkJRdlzbnouJrykJxdcR6E=
github.com/breez/lightninglib v0.0.0-20190210192423-ee9d9726708b/go.mod h1:ohqrtfneBBAABYc/EDioLRoUR8LZ1+VKBYYIWL+79V0=
github.com/breez/lightninglib v0.0.0-20190210195234-a302e6b1e9b7 h1:NCO5cTL6l5To5f1IkzL01tHF12b61C8J9QWZPXm7G6o=
github.com/breez/lightninglib v0.0.0-20190210195234-a302e6b1e9b7/go.mod h1:ohqrtfneBBAABYc/EDioLRoUR8LZ1+VKBYYIWL+79V0=
github.com/breez/neutrino v0.0.0-20181023044851-1943c07c9804 h1:GPbLS0rSo+fhMQe04V66s2oP6RocdtG6nxRJ1P7M2Xk=
github.com/breez/neutrino v0.0.0-20181023044851-1943c07c9804/go.mod h1:l720ah/7jc5nqsjW0O4ZjKHj33egitv8TKBHXmphyo8=
github.com/breez/neutrino v0.0.0-20181025065603-14bd66aff1db h1:m+VblI90ZFNqXdXZFy4O3Z3+a54NPq/oUt47DiU4/40=
github.com/breez/neutrino v0.0.0-20181025065603-14bd66aff1db/go.mod h1:l720ah/7jc5nqsjW0O4ZjKHj33egitv8TKBHXmphyo8=
github.com/breez/neutrino v0.0.0-20181115061052-77f47710fcc4 h1:556uXozMCBu7c1D2OaVFi+MPT8FCiWBR6aUBuEh80Do=
github.com/breez/neutrino v0.0.0-20181115061052-77f47710fcc4/go.mod h1:l720ah/7jc5nqsjW0O4ZjKHj33egitv8TKBHXmphyo8=
github.com/breez/neutrino v0.0.0-20190114145151-3b06e2d8a6dd h1:3GbAtH4RxgYzCdSWMy4Loz9dHyc63BTwZsipFRSaRAI=
github.com/breez/neutrino v0.0.0-20190114145151-3b06e2d8a6dd/go.mod h1:l720ah/7jc5nqsjW0O4ZjKHj33egitv8TKBHXmphyo8=
github.com/breez/neutrino v0.0.0-20190114164758-b175c357c30e h1:FcIJQykQ5EkvSpWpMPntRpIc2DLKNDlmDJjFlcBvRT8=
github.com/breez/neutrino v0.0.0-20190114164758-b175c357c30e/go.mod h1:l720ah/7jc5nqsjW0O4ZjKHj33egitv8TKBHXmphyo8=
github.com/breez/neutrino v0.0.0-20190120130516-78cff34ba345 h1:57CxjS3YfhnXoXAuWnRYFTnroUsz6t73EDOPKPt8feo=
github.com/breez/neutrino v0.0.0-20190120130516-78cff34ba345/go.mod h1:l720ah/7jc5nqsjW0O4ZjKHj33egitv8TKBHXmphyo8=
github.com/btcsuite/btcd v0.0.0-20180706232521-fdfc19097e7a/go.mod h1:Dmm/EzmjnCiweXmzRIAiUWCInVmPgjkzgv5k4tVyXiQ=
github.com/btcsuite/btcd v0.0.0-20180824064422-79e00513b101/go.mod h1:Dmm/EzmjnCiweXmzRIAiUWCInVmPgjkzgv5k4tVyXiQ=
github.com/btcsuite/btcd v0.0.0-20180903232927-cff30e1d23fc h1:nLRj+ULuRYb0qTAOnuayFXRnLjYXBots5CSp5zH4RqU=
github.com/btcsuite/btcd v0.0.0-20180903232927-cff30e1d23fc/go.mod h1:Dmm/EzmjnCiweXmzRIAiUWCInVmPgjkzgv5k4tVyXiQ=
github.com/btcsuite/btclog v0.0.0-20170628155309-84c8d2346e9f h1:bAs4lUbRJpnnkd9VhRV3jjAVU7DJVjMaK+IsvSeZvFo=
github.com/btcsuite/btclog v0.0.0-20170628155309-84c8d2346e9f/go.mod h1:TdznJufoqS23FtqVCzL0ZqgP5MqXbb4fg/WgDys70nA=
github.com/btcsuite/btcutil v0.0.0-20180706230648-ab6388e0c60a h1:RQMUrEILyYJEoAT34XS/kLu40vC0+po/UfxrBBA4qZE=
github.com/btcsuite/btcutil v0.0.0-20180706230648-ab6388e0c60a/go.mod h1:+5NJ2+qvTyV9exUAL/rxXi3DcLg2Ts+ymUAY5y4NvMg=
github.com/btcsuite/btcwallet v0.0.0-20180713235317-64b5b448f5e6/go.mod h1:+q7/nPeXqu8jJ0ah0fcMOlWGZ2GeL2QoL6c7nCFUEVA=
github.com/btcsuite/btcwallet v0.0.0-20180904010540-8ae4afc70174 h1:2dXS7UlWMvMmGss6MwAdyCfv7JiMIfUQl0hvUi6OneU=
github.com/btcsuite/btcwallet v0.0.0-20180904010540-8ae4afc70174/go.mod h1:+q7/nPeXqu8jJ0ah0fcMOlWGZ2GeL2QoL6c7nCFUEVA=
github.com/btcsuite/btcwallet v0.0.0-20180913034130-421298df2260 h1:+FL2adqS5Rg+xDROE4OTtRlLUmK3YssHHScQnQwKz5A=
github.com/btcsuite/btcwallet v0.0.0-20180913034130-421298df2260/go.mod h1:+q7/nPeXqu8jJ0ah0fcMOlWGZ2GeL2QoL6c7nCFUEVA=
github.com/btcsuite/btcwallet v0.0.0-20181017015332-c4dd27e481f9 h1:YmgBq9XwdnZGBRF2DXq1a4qh/pfduvdQlzaDCjPV/jc=
github.com/btcsuite/btcwallet v0.0.0-20181017015332-c4dd27e481f9/go.mod h1:+q7/nPeXqu8jJ0ah0fcMOlWGZ2GeL2QoL6c7nCFUEVA=
github.com/btcsuite/fastsha256 v0.0.0-20160815193821-637e65642941 h1:kij1x2aL7VE6gtx8KMIt8PGPgI5GV9LgtHFG5KaEMPY=
github.com/btcsuite/fastsha256 v0.0.0-20160815193821-637e65642941/go.mod h1:QcFA8DZHtuIAdYKCq/BzELOaznRsCvwf4zTPmaYwaig=
github.com/btcsuite/go-socks v0.0.0-20170105172521-4720035b7bfd h1:R/opQEbFEy9JGkIguV40SvRY1uliPX8ifOvi6ICsFCw=
github.com/btcsuite/go-socks v0.0.0-20170105172521-4720035b7bfd/go.mod h1:HHNXQzUsZCxOoE+CPiyCTO6x34Zs86zZUiwtpXoGdtg=
github.com/btcsuite/golangcrypto v0.0.0-20150304025918-53f62d9b43e8 h1:nOsAWScwueMVk/VLm/dvQQD7DuanyvAUb6B3P3eT274=
github.com/btcsuite/golangcrypto v0.0.0-20150304025918-53f62d9b43e8/go.mod h1:tYvUd8KLhm/oXvUeSEs2VlLghFjQt9+ZaF9ghH0JNjc=
github.com/btcsuite/goleveldb v1.0.0 h1:Tvd0BfvqX9o823q1j2UZ/epQo09eJh6dTcRp79ilIN4=
github.com/btcsuite/goleveldb v1.0.0/go.mod h1:QiK9vBlgftBg6rWQIj6wFzbPfRjiykIEhBH4obrXJ/I=
github.com/btcsuite/snappy-go v1.0.0 h1:ZxaA6lo2EpxGddsA8JwWOcxlzRybb444sgmeJQMJGQE=
github.com/btcsuite/snappy-go v1.0.0/go.mod h1:8woku9dyThutzjeg+3xrA5iCpBRH8XEEg3lh6TiUghc=
github.com/btcsuite/websocket v0.0.0-20150119174127-31079b680792 h1:R8vQdOQdZ9Y3SkEwmHoWBmX1DNXhXZqlTpq6s4tyJGc=
github.com/btcsuite/websocket v0.0.0-20150119174127-31079b680792/go.mod h1:ghJtEyQwv5/p4Mg4C0fgbePVuGr935/5ddU9Z3TmDRY=
github.com/client9/misspell v0.3.4/go.mod h1:qj6jICC3Q7zFZvVWo7KLAzC3yx5G7kyvSDkc90ppPyw=
github.com/coreos/bbolt v0.0.0-20180223184059-4f5275f4ebbf h1:tJpA9/rXV/dIbGH2eWW6Cptwwz5ax6ft2DAuHR/qfNQ=
github.com/coreos/bbolt v0.0.0-20180223184059-4f5275f4ebbf/go.mod h1:iRUV2dpdMOn7Bo10OQBFzIJO9kkE559Wcmn+qkEiiKk=
github.com/coreos/bbolt v1.3.0 h1:HIgH5xUWXT914HCI671AxuTTqjj64UOFr7pHn48LUTI=
github.com/coreos/bbolt v1.3.0/go.mod h1:iRUV2dpdMOn7Bo10OQBFzIJO9kkE559Wcmn+qkEiiKk=
github.com/davecgh/go-spew v0.0.0-20171005155431-ecdeabc65495/go.mod h1:J7Y8YcW2NihsgmVo/mv3lAwl/skON4iLHjSsI+c5H38=
github.com/davecgh/go-spew v0.0.0-20180221232628-8991bc29aa16 h1:HqkufMBR7waVfFFRABWqHa1WgTvjtVDJTLJe3CR576A=
github.com/davecgh/go-spew v0.0.0-20180221232628-8991bc29aa16/go.mod h1:J7Y8YcW2NihsgmVo/mv3lAwl/skON4iLHjSsI+c5H38=
github.com/fsnotify/fsnotify v1.4.7/go.mod h1:jwhsz4b93w/PPRr/qN1Yymfu8t87LnFCMoQvtojpjFo=
github.com/go-errors/errors v1.0.1 h1:LUHzmkK3GUKUrL/1gfBUxAHzcev3apQlezX/+O7ma6w=
github.com/go-errors/errors v1.0.1/go.mod h1:f4zRHt4oKfwPJE5k8C9vpYG+aDHdBFUsgrm6/TyX73Q=
github.com/golang/glog v0.0.0-20160126235308-23def4e6c14b/go.mod h1:SBH7ygxi8pfUlaOkMMuAQtPIUF8ecWP5IEl/CR7VP2Q=
github.com/golang/lint v0.0.0-20180702182130-06c8688daad7/go.mod h1:tluoj9z5200jBnyusfRPU2LqT6J+DAorxEvtC7LHB+E=
github.com/golang/mock v1.1.1/go.mod h1:oTYuIxOrZwtPieC+H1uAHpcLFnEyAGVDL/k47Jfbm0A=
github.com/golang/protobuf v0.0.0-20180202184318-bbd03ef6da3a/go.mod h1:6lQm79b+lXiMfvg/cZm0SGofjICqVBUtrP5yJMmIC1U=
github.com/golang/protobuf v0.0.0-20180712042225-70b3af33377e/go.mod h1:6lQm79b+lXiMfvg/cZm0SGofjICqVBUtrP5yJMmIC1U=
github.com/golang/protobuf v0.0.0-20180821051752-b27b920f9e71/go.mod h1:6lQm79b+lXiMfvg/cZm0SGofjICqVBUtrP5yJMmIC1U=
github.com/golang/protobuf v1.1.1-0.20180804220315-89a0c16f4dc2 h1:rZcRMpmru6orVhXPY5c7bKq61a2aGunV0tLMI28OcQA=
github.com/golang/protobuf v1.1.1-0.20180804220315-89a0c16f4dc2/go.mod h1:6lQm79b+lXiMfvg/cZm0SGofjICqVBUtrP5yJMmIC1U=
github.com/golang/protobuf v1.2.0 h1:P3YflyNX/ehuJFLhxviNdFxQPkGK5cDcApsge1SqnvM=
github.com/golang/protobuf v1.2.0/go.mod h1:6lQm79b+lXiMfvg/cZm0SGofjICqVBUtrP5yJMmIC1U=
github.com/grpc-ecosystem/go-grpc-middleware v1.0.0 h1:BWIsLfhgKhV5g/oF34aRjniBHLTZe5DNekSjbAjIS6c=
github.com/grpc-ecosystem/go-grpc-middleware v1.0.0/go.mod h1:FiyG127CGDf3tlThmgyCl78X/SZQqEOJBCDaAfeWzPs=
github.com/grpc-ecosystem/grpc-gateway v0.0.0-20170724004829-f2862b476edc h1:3NXdOHZ1YlN6SGP3FPbn4k73O2MeEp065abehRwGFxI=
github.com/grpc-ecosystem/grpc-gateway v0.0.0-20170724004829-f2862b476edc/go.mod h1:RSKVYQBd5MCa4OVpNdGskqpgL2+G+NZTnrVHpWWfpdw=
github.com/grpc-ecosystem/grpc-gateway v1.5.1 h1:3scN4iuXkNOyP98jF55Lv8a9j1o/IwvnDIZ0LHJK1nk=
github.com/grpc-ecosystem/grpc-gateway v1.5.1/go.mod h1:RSKVYQBd5MCa4OVpNdGskqpgL2+G+NZTnrVHpWWfpdw=
github.com/hpcloud/tail v1.0.0/go.mod h1:ab1qPbhIpdTxEkNHXyeSf5vhxWSCs/tWer42PpOxQnU=
github.com/jackpal/gateway v1.0.4 h1:LS5EHkLuQ6jzaHwULi0vL+JO0mU/n4yUtK8oUjHHOlM=
github.com/jackpal/gateway v1.0.4/go.mod h1:lTpwd4ACLXmpyiCTRtfiNyVnUmqT9RivzCDQetPfnjA=
github.com/jackpal/go-nat-pmp v0.0.0-20170405195558-28a68d0c24ad h1:heFfj7z0pGsNCekUlsFhO2jstxO4b5iQ665LjwM5mDc=
github.com/jackpal/go-nat-pmp v0.0.0-20170405195558-28a68d0c24ad/go.mod h1:QPH045xvCAeXUZOxsnwmrtiCoxIr9eob+4orBN1SBKc=
github.com/jessevdk/go-flags v0.0.0-20170926144705-f88afde2fa19/go.mod h1:4FA24M0QyGHXBuZZK/XkWh8h0e1EYbRYJSGM75WSRxI=
github.com/jessevdk/go-flags v1.4.0 h1:4IU2WS7AumrZ/40jfhf4QVDMsQwqA7VEHozFRrGARJA=
github.com/jessevdk/go-flags v1.4.0/go.mod h1:4FA24M0QyGHXBuZZK/XkWh8h0e1EYbRYJSGM75WSRxI=
github.com/jrick/logrotate v1.0.0 h1:lQ1bL/n9mBNeIXoTUoYRlK4dHuNJVofX9oWqBtPnSzI=
github.com/jrick/logrotate v1.0.0/go.mod h1:LNinyqDIJnpAur+b8yyulnQw/wDuN1+BYKlTRt3OuAQ=
github.com/juju/errors v0.0.0-20180806074554-22422dad46e1/go.mod h1:W54LbzXuIE0boCoNJfwqpmkKJ1O4TCTZMetAt6jGk7Q=
github.com/juju/loggo v0.0.0-20180524022052-584905176618 h1:MK144iBQF9hTSwBW/9eJm034bVoG30IshVm688T2hi8=
github.com/juju/loggo v0.0.0-20180524022052-584905176618/go.mod h1:vgyd7OREkbtVEN/8IXZe5Ooef3LQePvuBm9UWj6ZL8U=
github.com/juju/retry v0.0.0-20160928201858-1998d01ba1c3/go.mod h1:OohPQGsr4pnxwD5YljhQ+TZnuVRYpa5irjugL1Yuif4=
github.com/juju/testing v0.0.0-20180807044555-c84dd6ba038a/go.mod h1:63prj8cnj0tU0S9OHjGJn+b1h0ZghCndfnbQolrYTwA=
github.com/juju/utils v0.0.0-20180808125547-9dfc6dbfb02b/go.mod h1:6/KLg8Wz/y2KVGWEpkK9vMNGkOnu4k/cqs8Z1fKjTOk=
github.com/juju/version v0.0.0-20180108022336-b64dbd566305/go.mod h1:kE8gK5X0CImdr7qpSKl3xB2PmpySSmfj7zVbkZFs81U=
github.com/kisielk/gotool v1.0.0/go.mod h1:XhKaO+MFFWcvkIS/tQcRk01m1F5IRFswLeQ+oQHNcck=
github.com/kkdai/bstream v0.0.0-20161212061736-f391b8402d23 h1:FOOIBWrEkLgmlgGfMuZT83xIwfPDxEI2OHu6xUmJMFE=
github.com/kkdai/bstream v0.0.0-20161212061736-f391b8402d23/go.mod h1:J+Gs4SYgM6CZQHDETBtE9HaSEkGmuNXF86RwHhHUvq4=
github.com/kr/pretty v0.1.0/go.mod h1:dAy3ld7l9f0ibDNOQOHHMYYIIbhfbHSm3C4ZsoJORNo=
github.com/kr/pty v1.1.1/go.mod h1:pFQYn66WHrOpPYNljwOMqo10TkYh1fy3cYio2l3bCsQ=
github.com/kr/text v0.1.0/go.mod h1:4Jbv+DJW3UT/LiOwJeYQe1efqtUx/iVham/4vfdArNI=
github.com/lightninglabs/gozmq v0.0.0-20180324010646-462a8a753885 h1:fTLuPUkaKIIV0+gA1IxiBDvDxtF8tzpSF6N6NfFGmsU=
github.com/lightninglabs/gozmq v0.0.0-20180324010646-462a8a753885/go.mod h1:KUh15naRlx/TmUMFS/p4JJrCrE6F7RGF7rsnvuu45E4=
github.com/lightninglabs/neutrino v0.0.0-20180904012119-e7780d39ef56 h1:UmElZtX+RG0c9MMS2UXe/2MjO4BXy8Vxh20lm8UZLag=
github.com/lightninglabs/neutrino v0.0.0-20180904012119-e7780d39ef56/go.mod h1:KJq43Fu9ceitbJsSXMILcT4mGDNI/crKmPIkDOZXFyM=
github.com/lightninglabs/neutrino v0.0.0-20180913224338-bee0ed11601a h1:tOCGCMjgo/GX8zEnYk8YTM4aiR1RI+192duvdZ4aFHg=
github.com/lightninglabs/neutrino v0.0.0-20180913224338-bee0ed11601a/go.mod h1:KJq43Fu9ceitbJsSXMILcT4mGDNI/crKmPIkDOZXFyM=
github.com/lightninglabs/neutrino v0.0.0-20181019013733-8018ab76e70a h1:028dRQ5y6kwHePPPyPmvjMH9qv6UPWCbBpTKTyzE27s=
github.com/lightninglabs/neutrino v0.0.0-20181019013733-8018ab76e70a/go.mod h1:KJq43Fu9ceitbJsSXMILcT4mGDNI/crKmPIkDOZXFyM=
github.com/lightninglabs/neutrino v0.0.0-20181024021741-23d294f83059 h1:82zz3CBwPCNVY0gCcE/CMSWe91TwZX7Lj43DVJPi558=
github.com/lightninglabs/neutrino v0.0.0-20181024021741-23d294f83059/go.mod h1:KJq43Fu9ceitbJsSXMILcT4mGDNI/crKmPIkDOZXFyM=
github.com/lightninglabs/neutrino v0.0.0-20181102193151-641af1ca5561 h1:Xi58PB1hIfj5xbUEFYerU14LiBXYdLg5bnUD1OJmH7U=
github.com/lightninglabs/neutrino v0.0.0-20181102193151-641af1ca5561/go.mod h1:KJq43Fu9ceitbJsSXMILcT4mGDNI/crKmPIkDOZXFyM=
github.com/lightningnetwork/lightning-onion v0.0.0-20180605012408-ac4d9da8f1d6 h1:ONLGrYJVQdbtP6CE/ff1KNWZtygRGEh12RzonTiCzPs=
github.com/lightningnetwork/lightning-onion v0.0.0-20180605012408-ac4d9da8f1d6/go.mod h1:8EgEt4a/NUOVQd+3kk6n9aZCJ1Ssj96Pb6lCrci+6oc=
github.com/ltcsuite/ltcd v0.0.0-20170901085657-5f654d5faab9 h1:aLgtHOvaE6DjIKS5IpQU6ZLjdcQzjxHTMPOpq4pAY+M=
github.com/ltcsuite/ltcd v0.0.0-20170901085657-5f654d5faab9/go.mod h1:EHxR9R4IfKfcjAQ/nQiimQSLaRxdyNz926as4KTtNTg=
github.com/miekg/dns v0.0.0-20171125082028-79bfde677fa8 h1:PRMAcldsl4mXKJeRNB/KVNz6TlbS6hk2Rs42PqgU3Ws=
github.com/miekg/dns v0.0.0-20171125082028-79bfde677fa8/go.mod h1:W1PPwlIAgtquWBMBEV9nkV9Cazfe8ScdGz/Lj7v3Nrg=
github.com/onsi/ginkgo v1.6.0/go.mod h1:lLunBs/Ym6LB5Z9jYTR76FiuTmxDTDusOGeTQH+WWjE=
github.com/onsi/gomega v1.4.1/go.mod h1:C1qb7wdrVGGVU+Z6iS04AVkA3Q65CEZX59MT0QO5uiA=
github.com/rogpeppe/fastuuid v0.0.0-20150106093220-6724a57986af h1:gu+uRPtBe88sKxUCEXRoeCvVG90TJmwhiqRpvdhQFng=
github.com/rogpeppe/fastuuid v0.0.0-20150106093220-6724a57986af/go.mod h1:XWv6SoW27p1b0cqNHllgS5HIMJraePCO15w5zCzIWYg=
github.com/status-im/doubleratchet v0.0.0-20181102064121-4dcb6cba284a h1:9elIjnK0pnl65k1okjwH2TpVluj7arj7M3dQ8Lj/8cg=
github.com/status-im/doubleratchet v0.0.0-20181102064121-4dcb6cba284a/go.mod h1:1sqR0+yhiM/bd+wrdX79AOt2csZuJOni0nUDzKNuqOU=
github.com/tv42/zbase32 v0.0.0-20160707012821-501572607d02 h1:tcJ6OjwOMvExLlzrAVZute09ocAGa7KqOON60++Gz4E=
github.com/tv42/zbase32 v0.0.0-20160707012821-501572607d02/go.mod h1:tHlrkM198S068ZqfrO6S8HsoJq2bF3ETfTL+kt4tInY=
github.com/urfave/cli v1.18.0 h1:m9MfmZWX7bwr9kUcs/Asr95j0IVXzGNNc+/5ku2m26Q=
github.com/urfave/cli v1.18.0/go.mod h1:70zkFmudgCuE/ngEzBv17Jvp/497gISqfk5gWijbERA=
go.etcd.io/bbolt v1.3.0 h1:oY10fI923Q5pVCVt1GBTZMn8LHo5M+RCInFpeMnV4QI=
go.etcd.io/bbolt v1.3.0/go.mod h1:IbVyRI1SCnLcuJnV2u8VeU0CEYM7e686BmAb1XKL+uU=
golang.org/x/crypto v0.0.0-20170930174604-9419663f5a44/go.mod h1:6SG95UA2DQfeDnfUPMdvaQW0Q7yPrPDi9nlGo2tz2b4=
golang.org/x/crypto v0.0.0-20180820150726-614d502a4dac h1:7d7lG9fHOLdL6jZPtnV4LpI41SbohIJ1Atq7U991dMg=
golang.org/x/crypto v0.0.0-20180820150726-614d502a4dac/go.mod h1:6SG95UA2DQfeDnfUPMdvaQW0Q7yPrPDi9nlGo2tz2b4=
golang.org/x/lint v0.0.0-20180702182130-06c8688daad7/go.mod h1:UVdnD1Gm6xHRNCYTkRU2/jEulfH38KcIWyp/GAMgvoE=
golang.org/x/lint v0.0.0-20181026193005-c67002cb31c3/go.mod h1:UVdnD1Gm6xHRNCYTkRU2/jEulfH38KcIWyp/GAMgvoE=
golang.org/x/mobile v0.0.0-20180922163855-920b52be609a h1:k2W7wqwJjS98b+ECJjOyWbVLFqNVTfBTbjtJ1OsVqj8=
golang.org/x/mobile v0.0.0-20180922163855-920b52be609a/go.mod h1:z+o9i4GpDbdi3rU15maQ/Ox0txvL9dWGYEHz965HBQE=
golang.org/x/mobile v0.0.0-20181026062114-a27dd33d354d h1:DuZZDdMFwDrzmycNhCaWSve7Vh+BIrjm7ttgb4fD3Os=
golang.org/x/mobile v0.0.0-20181026062114-a27dd33d354d/go.mod h1:z+o9i4GpDbdi3rU15maQ/Ox0txvL9dWGYEHz965HBQE=
golang.org/x/net v0.0.0-20180719180050-a680a1efc54d h1:i6RB+Qz1ug7TvJdY4zieRMpnLAtkHSHTOvApNXfLT4A=
golang.org/x/net v0.0.0-20180719180050-a680a1efc54d/go.mod h1:mL1N/T3taQHkDXs73rZJwtUhF3w3ftmwwsq0BUmARs4=
golang.org/x/net v0.0.0-20180821023952-922f4815f713/go.mod h1:mL1N/T3taQHkDXs73rZJwtUhF3w3ftmwwsq0BUmARs4=
golang.org/x/net v0.0.0-20180826012351-8a410e7b638d/go.mod h1:mL1N/T3taQHkDXs73rZJwtUhF3w3ftmwwsq0BUmARs4=
golang.org/x/net v0.0.0-20180911220305-26e67e76b6c3 h1:czFLhve3vsQetD6JOJ8NZZvGQIXlnN3/yXxbT6/awxI=
golang.org/x/net v0.0.0-20180911220305-26e67e76b6c3/go.mod h1:mL1N/T3taQHkDXs73rZJwtUhF3w3ftmwwsq0BUmARs4=
golang.org/x/oauth2 v0.0.0-20180821212333-d2e6202438be/go.mod h1:N/0e6XlmueqKjAGxoOufVs8QHGRruUQn6yWY3a++T0U=
golang.org/x/sync v0.0.0-20180314180146-1d60e4601c6f h1:wMNYb4v58l5UBM7MYRLPG6ZhfOqbKu7X5eyFl8ZhKvA=
golang.org/x/sync v0.0.0-20180314180146-1d60e4601c6f/go.mod h1:RxMgew5VJxzue5/jJTE5uejpjVlOe/izrB70Jof72aM=
golang.org/x/sys v0.0.0-20180709060233-1b2967e3c290/go.mod h1:STP8DvDyc/dI5b8T5hshtkjS+E42TnysNCUPdjciGhY=
golang.org/x/sys v0.0.0-20180808154034-904bdc257025 h1:vE4lpaOfhRi5ci1V4lyWFx2Rg3CXZNaN09Q1e+GKioA=
golang.org/x/sys v0.0.0-20180808154034-904bdc257025/go.mod h1:STP8DvDyc/dI5b8T5hshtkjS+E42TnysNCUPdjciGhY=
golang.org/x/sys v0.0.0-20180830151530-49385e6e1522/go.mod h1:STP8DvDyc/dI5b8T5hshtkjS+E42TnysNCUPdjciGhY=
golang.org/x/sys v0.0.0-20181107165924-66b7b1311ac8 h1:YoY1wS6JYVRpIfFngRf2HHo9R9dAne3xbkGOQ5rJXjU=
golang.org/x/sys v0.0.0-20181107165924-66b7b1311ac8/go.mod h1:STP8DvDyc/dI5b8T5hshtkjS+E42TnysNCUPdjciGhY=
golang.org/x/text v0.3.0 h1:g61tztE5qeGQ89tm6NTjjM9VPIm088od1l6aSorWRWg=
golang.org/x/text v0.3.0/go.mod h1:NqM8EUOU14njkJ3fqMW+pc6Ldnwhi/IjpwHt7yyuwOQ=
golang.org/x/time v0.0.0-20180412165947-fbb02b2291d2 h1:+DCIGbF/swA92ohVg0//6X2IVY3KZs6p9mix0ziNYJM=
golang.org/x/time v0.0.0-20180412165947-fbb02b2291d2/go.mod h1:tRJNPiyCQ0inRvYxbN9jk5I+vvW/OXSQhTDSoE431IQ=
golang.org/x/tools v0.0.0-20180828015842-6cd1fcedba52/go.mod h1:n7NCudcB/nEzxVGmLbDWY5pfWTLqBcC2KZ6jyYvM4mQ=
google.golang.org/appengine v1.1.0/go.mod h1:EbEs0AVv82hx2wNQdGPgUI5lhzA/G0D9YwlJXL52JkM=
google.golang.org/genproto v0.0.0-20180306020942-df60624c1e9b h1:XeiFoG4FHSBJUL3qKCkMrkwBFRXB+hyQiTPg82JUssI=
google.golang.org/genproto v0.0.0-20180306020942-df60624c1e9b/go.mod h1:JiN7NxoALGmiZfu7CAH4rXhgtRTLTxftemlI0sWmxmc=
google.golang.org/genproto v0.0.0-20180817151627-c66870c02cf8 h1:Nw54tB0rB7hY/N0NQvRW8DG4Yk3Q6T9cu9RcFQDu1tc=
google.golang.org/genproto v0.0.0-20180817151627-c66870c02cf8/go.mod h1:JiN7NxoALGmiZfu7CAH4rXhgtRTLTxftemlI0sWmxmc=
google.golang.org/grpc v1.2.1-0.20181126230646-f3eb5bc06e94 h1:lipcc5Hv9WaScy8zBpED764Xb/mVaWQDOctTcpGoDCY=
google.golang.org/grpc v1.2.1-0.20181126230646-f3eb5bc06e94/go.mod h1:6QZJwpn2B+Zp71q/5VxRsJ6NXXVCE5NRUHRo+f3cWCs=
google.golang.org/grpc v1.2.1-0.20181129220110-ca62c6b92c33 h1:CR0VmJQ2lpOG4dv8R8644y6s5uL/cCFkt7dVOscj59Y=
google.golang.org/grpc v1.2.1-0.20181129220110-ca62c6b92c33/go.mod h1:6QZJwpn2B+Zp71q/5VxRsJ6NXXVCE5NRUHRo+f3cWCs=
google.golang.org/grpc v1.5.2/go.mod h1:yo6s7OP7yaDglbqo1J04qKzAhqBH6lvTonzMVmEdcZw=
google.golang.org/grpc v1.12.0/go.mod h1:yo6s7OP7yaDglbqo1J04qKzAhqBH6lvTonzMVmEdcZw=
google.golang.org/grpc v1.14.0 h1:ArxJuB1NWfPY6r9Gp9gqwplT0Ge7nqv9msgu03lHLmo=
google.golang.org/grpc v1.14.0/go.mod h1:yo6s7OP7yaDglbqo1J04qKzAhqBH6lvTonzMVmEdcZw=
google.golang.org/grpc v1.16.0 h1:dz5IJGuC2BB7qXR5AyHNwAUBhZscK2xVez7mznh72sY=
google.golang.org/grpc v1.16.0/go.mod h1:0JHn/cJsOMiMfNA9+DeHDlAU7KAAB5GDlYFpa9MZMio=
gopkg.in/check.v1 v0.0.0-20161208181325-20d25e280405/go.mod h1:Co6ibVJAznAaIkqp8huTwlJQCZ016jof/cbN4VW5Yz0=
gopkg.in/check.v1 v1.0.0-20180628173108-788fd7840127/go.mod h1:Co6ibVJAznAaIkqp8huTwlJQCZ016jof/cbN4VW5Yz0=
gopkg.in/errgo.v1 v1.0.0-20180502123906-c17903c6b19d h1:f5uchVxuzWt1/kg5IuBJYy7xquDXPGYp2Cf/AfJw66Q=
gopkg.in/errgo.v1 v1.0.0-20180502123906-c17903c6b19d/go.mod h1:u0ALmqvLRxLI95fkdCEWrE6mhWYZW1aMOJHp5YXLHTg=
gopkg.in/fsnotify.v1 v1.4.7/go.mod h1:Tz8NjZHkW78fSQdbUxIjBTcgA1z1m8ZHf0WmKUhAMys=
gopkg.in/macaroon-bakery.v2 v2.0.1 h1:0N1TlEdfLP4HXNCg7MQUMp5XwvOoxk+oe9Owr2cpvsc=
gopkg.in/macaroon-bakery.v2 v2.0.1/go.mod h1:B4/T17l+ZWGwxFSZQmlBwp25x+og7OkhETfr3S9MbIA=
gopkg.in/macaroon.v2 v2.0.0 h1:LVWycAfeJBUjCIqfR9gqlo7I8vmiXRr51YEOZ1suop8=
gopkg.in/macaroon.v2 v2.0.0/go.mod h1:+I6LnTMkm/uV5ew/0nsulNjL16SK4+C8yDmRUzHR17I=
gopkg.in/mgo.v2 v2.0.0-20180705113604-9856a29383ce/go.mod h1:yeKp02qBN3iKW1OzL3MGk2IdtZzaj7SFntXj72NppTA=
gopkg.in/tomb.v1 v1.0.0-20141024135613-dd632973f1e7/go.mod h1:dt/ZhP58zS4L8KSrWDmTeBkI65Dw0HsyUHuEVlX15mw=
gopkg.in/yaml.v2 v2.2.1/go.mod h1:hI93XBmqTisBFMUTm0b8Fm+jr3Dg1NNxqwp+5A1VGuI=
honnef.co/go/tools v0.0.0-20180728063816-88497007e858/go.mod h1:rf3lG4BRIbNafJWhAfAdb/ePZxsR/4RtNHQocxwk9r4=
launchpad.net/gocheck v0.0.0-20140225173054-000000000087/go.mod h1:hj7XX3B/0A+80Vse0e+BUHsHMTEhd0O4cpUHr/e/BUM=
